
Microsoft Visual Studio Solution File, Format Version 12.00
# Visual Studio 14
VisualStudioVersion = 14.0.25123.0
MinimumVisualStudioVersion = 10.0.40219.1
Project("{FAE04EC0-301F-11D3-BF4B-00C04F79EFBC}") = "UnitConverterUI", "UnitConverterUI\UnitConverterUI.csproj", "{28F539A4-C4BC-46E9-A42D-8454613F7FDB}"
EndProject
Project("{FAE04EC0-301F-11D3-BF4B-00C04F79EFBC}") = "UnitConverter", "UnitConverter\UnitConverter.csproj", "{B24EF5DB-FE07-47C7-AAFA-BD56851E6D7D}"
EndProject
Global
	GlobalSection(SolutionConfigurationPlatforms) = preSolution
		Debug|Any CPU = Debug|Any CPU
		Release|Any CPU = Release|Any CPU
	EndGlobalSection
	GlobalSection(ProjectConfigurationPlatforms) = postSolution
		{28F539A4-C4BC-46E9-A42D-8454613F7FDB}.Debug|Any CPU.ActiveCfg = Debug|Any CPU
		{28F539A4-C4BC-46E9-A42D-8454613F7FDB}.Debug|Any CPU.Build.0 = Debug|Any CPU
		{28F539A4-C4BC-46E9-A42D-8454613F7FDB}.Release|Any CPU.ActiveCfg = Release|Any CPU
		{28F539A4-C4BC-46E9-A42D-8454613F7FDB}.Release|Any CPU.Build.0 = Release|Any CPU
		{B24EF5DB-FE07-47C7-AAFA-BD56851E6D7D}.Debug|Any CPU.ActiveCfg = Debug|Any CPU
		{B24EF5DB-FE07-47C7-AAFA-BD56851E6D7D}.Debug|Any CPU.Build.0 = Debug|Any CPU
		{B24EF5DB-FE07-47C7-AAFA-BD56851E6D7D}.Release|Any CPU.ActiveCfg = Release|Any CPU
		{B24EF5DB-FE07-47C7-AAFA-BD56851E6D7D}.Release|Any CPU.Build.0 = Release|Any CPU
	EndGlobalSection
	GlobalSection(SolutionProperties) = preSolution
		HideSolutionNode = FALSE
	EndGlobalSection
EndGlobal
